PODS:
  - InputBarAccessoryView (5.5.0):
    - InputBarAccessoryView/Core (= 5.5.0)
  - InputBarAccessoryView/Core (5.5.0)
  - MessageKit (3.8.0):
    - InputBarAccessoryView (~> 5.5.0)

DEPENDENCIES:
  - MessageKit

SPEC REPOS:
  trunk:
    - InputBarAccessoryView
    - MessageKit

SPEC CHECKSUMS:
  InputBarAccessoryView: 1d7b0a672b36e370f01f264b3907ef39d03328e3
  MessageKit: a1ba0c69ebead94029867853eb44dd05b9b3f453

PODFILE CHECKSUM: 1490ef9a2d1b30702c5946ad92c2c5ff39a60fd4

COCOAPODS: 1.12.1
