// !$*UTF8*$!
{
	archiveVersion = 1;
	classes = {
	};
	objectVersion = 56;
	objects = {

/* Begin PBXBuildFile section */
		7F6DF9C74ABD18FE19F1BA71 /* Pods_NVC.framework in Frameworks */ = {isa = PBXBuildFile; fileRef = 86BAB31E840BA07E12C12009 /* Pods_NVC.framework */; };
		AA45E99597A00F74DDF68B74 /* Pods_NVC_NVCUITests.framework in Frameworks */ = {isa = PBXBuildFile; fileRef = 85DB19C42314238EFFF75C1A /* Pods_NVC_NVCUITests.framework */; };
		D0CEA6137691B235F084441A /* Pods_NVCTests.framework in Frameworks */ = {isa = PBXBuildFile; fileRef = CEAD3ED79F3962B49B3C6ADC /* Pods_NVCTests.framework */; };
		E27820472A2E667000D3A52A /* AboutView.swift in Sources */ = {isa = PBXBuildFile; fileRef = E27820462A2E667000D3A52A /* AboutView.swift */; };
		E27820492A2E669F00D3A52A /* SplashScreen.swift in Sources */ = {isa = PBXBuildFile; fileRef = E27820482A2E669F00D3A52A /* SplashScreen.swift */; };
		E278204D2A2E6C6E00D3A52A /* RephraseView.swift in Sources */ = {isa = PBXBuildFile; fileRef = E278204C2A2E6C6E00D3A52A /* RephraseView.swift */; };
		E278204F2A2E6F0E00D3A52A /* MainView.swift in Sources */ = {isa = PBXBuildFile; fileRef = E278204E2A2E6F0E00D3A52A /* MainView.swift */; };
		E27820512A2EB3DF00D3A52A /* BubbleView.swift in Sources */ = {isa = PBXBuildFile; fileRef = E27820502A2EB3DF00D3A52A /* BubbleView.swift */; };
		E2809FB72A2F890800F6F688 /* AVFoundation.framework in Frameworks */ = {isa = PBXBuildFile; fileRef = E22A89782A2F7F8800B6081E /* AVFoundation.framework */; };
		E2809FBC2A2FB83500F6F688 /* unpop.mp3 in Resources */ = {isa = PBXBuildFile; fileRef = E2809FBA2A2FB83500F6F688 /* unpop.mp3 */; };
		E2809FBF2A2FB84600F6F688 /* pop.mp3 in Resources */ = {isa = PBXBuildFile; fileRef = E2809FBE2A2FB84600F6F688 /* pop.mp3 */; };
		E2809FC22A32569900F6F688 /* DotEnv in Frameworks */ = {isa = PBXBuildFile; productRef = E2809FC12A32569900F6F688 /* DotEnv */; };
		E2809FC42A325A0D00F6F688 /* .env in Resources */ = {isa = PBXBuildFile; fileRef = E2809FC32A325A0D00F6F688 /* .env */; };
		E2EEF8342A1AAF7000431C19 /* NVCApp.swift in Sources */ = {isa = PBXBuildFile; fileRef = E2EEF8332A1AAF7000431C19 /* NVCApp.swift */; };
		E2EEF8382A1AAF7100431C19 /* Assets.xcassets in Resources */ = {isa = PBXBuildFile; fileRef = E2EEF8372A1AAF7100431C19 /* Assets.xcassets */; };
		E2EEF83B2A1AAF7100431C19 /* Preview Assets.xcassets in Resources */ = {isa = PBXBuildFile; fileRef = E2EEF83A2A1AAF7100431C19 /* Preview Assets.xcassets */; };
		E2EEF8452A1AAF7200431C19 /* NVCTests.swift in Sources */ = {isa = PBXBuildFile; fileRef = E2EEF8442A1AAF7200431C19 /* NVCTests.swift */; };
		E2EEF84F2A1AAF7200431C19 /* NVCUITests.swift in Sources */ = {isa = PBXBuildFile; fileRef = E2EEF84E2A1AAF7200431C19 /* NVCUITests.swift */; };
		E2EEF8512A1AAF7200431C19 /* NVCUITestsLaunchTests.swift in Sources */ = {isa = PBXBuildFile; fileRef = E2EEF8502A1AAF7200431C19 /* NVCUITestsLaunchTests.swift */; };
		E2EEF85E2A1AAFAB00431C19 /* API.swift in Sources */ = {isa = PBXBuildFile; fileRef = E2EEF85D2A1AAFAB00431C19 /* API.swift */; };
/* End PBXBuildFile section */

/* Begin PBXContainerItemProxy section */
		E2EEF8412A1AAF7200431C19 /* PBXContainerItemProxy */ = {
			isa = PBXContainerItemProxy;
			containerPortal = E2EEF8282A1AAF7000431C19 /* Project object */;
			proxyType = 1;
			remoteGlobalIDString = E2EEF82F2A1AAF7000431C19;
			remoteInfo = NVC;
		};
		E2EEF84B2A1AAF7200431C19 /* PBXContainerItemProxy */ = {
			isa = PBXContainerItemProxy;
			containerPortal = E2EEF8282A1AAF7000431C19 /* Project object */;
			proxyType = 1;
			remoteGlobalIDString = E2EEF82F2A1AAF7000431C19;
			remoteInfo = NVC;
		};
/* End PBXContainerItemProxy section */

/* Begin PBXFileReference section */
		0BF55FABE5507B888712617B /* Pods-NVCTests.release.xcconfig */ = {isa = PBXFileReference; includeInIndex = 1; lastKnownFileType = text.xcconfig; name = "Pods-NVCTests.release.xcconfig"; path = "Target Support Files/Pods-NVCTests/Pods-NVCTests.release.xcconfig"; sourceTree = "<group>"; };
		64989379B58BE52C4761F838 /* Pods-NVC-NVCUITests.release.xcconfig */ = {isa = PBXFileReference; includeInIndex = 1; lastKnownFileType = text.xcconfig; name = "Pods-NVC-NVCUITests.release.xcconfig"; path = "Target Support Files/Pods-NVC-NVCUITests/Pods-NVC-NVCUITests.release.xcconfig"; sourceTree = "<group>"; };
		81D717E1753AC4E59F18E806 /* Pods-NVCTests.debug.xcconfig */ = {isa = PBXFileReference; includeInIndex = 1; lastKnownFileType = text.xcconfig; name = "Pods-NVCTests.debug.xcconfig"; path = "Target Support Files/Pods-NVCTests/Pods-NVCTests.debug.xcconfig"; sourceTree = "<group>"; };
		85DB19C42314238EFFF75C1A /* Pods_NVC_NVCUITests.framework */ = {isa = PBXFileReference; explicitFileType = wrapper.framework; includeInIndex = 0; path = Pods_NVC_NVCUITests.framework; sourceTree = BUILT_PRODUCTS_DIR; };
		86BAB31E840BA07E12C12009 /* Pods_NVC.framework */ = {isa = PBXFileReference; explicitFileType = wrapper.framework; includeInIndex = 0; path = Pods_NVC.framework; sourceTree = BUILT_PRODUCTS_DIR; };
		8C5ED524F2124698D4C6E4B1 /* Pods-NVC.debug.xcconfig */ = {isa = PBXFileReference; includeInIndex = 1; lastKnownFileType = text.xcconfig; name = "Pods-NVC.debug.xcconfig"; path = "Target Support Files/Pods-NVC/Pods-NVC.debug.xcconfig"; sourceTree = "<group>"; };
		A0AAC8163B6E3DEF7968EA34 /* Pods-NVC-NVCUITests.debug.xcconfig */ = {isa = PBXFileReference; includeInIndex = 1; lastKnownFileType = text.xcconfig; name = "Pods-NVC-NVCUITests.debug.xcconfig"; path = "Target Support Files/Pods-NVC-NVCUITests/Pods-NVC-NVCUITests.debug.xcconfig"; sourceTree = "<group>"; };
		CEAD3ED79F3962B49B3C6ADC /* Pods_NVCTests.framework */ = {isa = PBXFileReference; explicitFileType = wrapper.framework; includeInIndex = 0; path = Pods_NVCTests.framework; sourceTree = BUILT_PRODUCTS_DIR; };
		D742A5AE9621BBD5C02D8581 /* Pods-NVC.release.xcconfig */ = {isa = PBXFileReference; includeInIndex = 1; lastKnownFileType = text.xcconfig; name = "Pods-NVC.release.xcconfig"; path = "Target Support Files/Pods-NVC/Pods-NVC.release.xcconfig"; sourceTree = "<group>"; };
		E22A89782A2F7F8800B6081E /* AVFoundation.framework */ = {isa = PBXFileReference; lastKnownFileType = wrapper.framework; name = AVFoundation.framework; path = System/Library/Frameworks/AVFoundation.framework; sourceTree = SDKROOT; };
		E22A897A2A2F815A00B6081E /* Speech.framework */ = {isa = PBXFileReference; lastKnownFileType = wrapper.framework; name = Speech.framework; path = System/Library/Frameworks/Speech.framework; sourceTree = SDKROOT; };
		E27820462A2E667000D3A52A /* AboutView.swift */ = {isa = PBXFileReference; lastKnownFileType = sourcecode.swift; path = AboutView.swift; sourceTree = "<group>"; };
		E27820482A2E669F00D3A52A /* SplashScreen.swift */ = {isa = PBXFileReference; lastKnownFileType = sourcecode.swift; path = SplashScreen.swift; sourceTree = "<group>"; };
		E278204C2A2E6C6E00D3A52A /* RephraseView.swift */ = {isa = PBXFileReference; lastKnownFileType = sourcecode.swift; path = RephraseView.swift; sourceTree = "<group>"; };
		E278204E2A2E6F0E00D3A52A /* MainView.swift */ = {isa = PBXFileReference; lastKnownFileType = sourcecode.swift; path = MainView.swift; sourceTree = "<group>"; };
		E27820502A2EB3DF00D3A52A /* BubbleView.swift */ = {isa = PBXFileReference; lastKnownFileType = sourcecode.swift; path = BubbleView.swift; sourceTree = "<group>"; };
		E2809FBA2A2FB83500F6F688 /* unpop.mp3 */ = {isa = PBXFileReference; lastKnownFileType = audio.mp3; path = unpop.mp3; sourceTree = "<group>"; };
		E2809FBE2A2FB84600F6F688 /* pop.mp3 */ = {isa = PBXFileReference; lastKnownFileType = audio.mp3; name = pop.mp3; path = ../../../Documents/pop.mp3; sourceTree = "<group>"; };
		E2809FC32A325A0D00F6F688 /* .env */ = {isa = PBXFileReference; fileEncoding = 4; lastKnownFileType = text; path = .env; sourceTree = "<group>"; };
		E2B4EF1C2A1AB7000091B236 /* Config.plist */ = {isa = PBXFileReference; lastKnownFileType = text.plist.xml; path = Config.plist; sourceTree = "<group>"; };
		E2EEF8302A1AAF7000431C19 /* NVC.app */ = {isa = PBXFileReference; explicitFileType = wrapper.application; includeInIndex = 0; path = NVC.app; sourceTree = BUILT_PRODUCTS_DIR; };
		E2EEF8332A1AAF7000431C19 /* NVCApp.swift */ = {isa = PBXFileReference; lastKnownFileType = sourcecode.swift; path = NVCApp.swift; sourceTree = "<group>"; };
		E2EEF8372A1AAF7100431C19 /* Assets.xcassets */ = {isa = PBXFileReference; lastKnownFileType = folder.assetcatalog; path = Assets.xcassets; sourceTree = "<group>"; };
		E2EEF83A2A1AAF7100431C19 /* Preview Assets.xcassets */ = {isa = PBXFileReference; lastKnownFileType = folder.assetcatalog; path = "Preview Assets.xcassets"; sourceTree = "<group>"; };
		E2EEF8402A1AAF7200431C19 /* NVCTests.xctest */ = {isa = PBXFileReference; explicitFileType = wrapper.cfbundle; includeInIndex = 0; path = NVCTests.xctest; sourceTree = BUILT_PRODUCTS_DIR; };
		E2EEF8442A1AAF7200431C19 /* NVCTests.swift */ = {isa = PBXFileReference; lastKnownFileType = sourcecode.swift; path = NVCTests.swift; sourceTree = "<group>"; };
		E2EEF84A2A1AAF7200431C19 /* NVCUITests.xctest */ = {isa = PBXFileReference; explicitFileType = wrapper.cfbundle; includeInIndex = 0; path = NVCUITests.xctest; sourceTree = BUILT_PRODUCTS_DIR; };
		E2EEF84E2A1AAF7200431C19 /* NVCUITests.swift */ = {isa = PBXFileReference; lastKnownFileType = sourcecode.swift; path = NVCUITests.swift; sourceTree = "<group>"; };
		E2EEF8502A1AAF7200431C19 /* NVCUITestsLaunchTests.swift */ = {isa = PBXFileReference; lastKnownFileType = sourcecode.swift; path = NVCUITestsLaunchTests.swift; sourceTree = "<group>"; };
		E2EEF85D2A1AAFAB00431C19 /* API.swift */ = {isa = PBXFileReference; lastKnownFileType = sourcecode.swift; path = API.swift; sourceTree = "<group>"; };
/* End PBXFileReference section */

/* Begin PBXFrameworksBuildPhase section */
		E2EEF82D2A1AAF7000431C19 /* Frameworks */ = {
			isa = PBXFrameworksBuildPhase;
			buildActionMask = 2147483647;
			files = (
				E2809FB72A2F890800F6F688 /* AVFoundation.framework in Frameworks */,
				7F6DF9C74ABD18FE19F1BA71 /* Pods_NVC.framework in Frameworks */,
				E2809FC22A32569900F6F688 /* DotEnv in Frameworks */,
			);
			runOnlyForDeploymentPostprocessing = 0;
		};
		E2EEF83D2A1AAF7200431C19 /* Frameworks */ = {
			isa = PBXFrameworksBuildPhase;
			buildActionMask = 2147483647;
			files = (
				D0CEA6137691B235F084441A /* Pods_NVCTests.framework in Frameworks */,
			);
			runOnlyForDeploymentPostprocessing = 0;
		};
		E2EEF8472A1AAF7200431C19 /* Frameworks */ = {
			isa = PBXFrameworksBuildPhase;
			buildActionMask = 2147483647;
			files = (
				AA45E99597A00F74DDF68B74 /* Pods_NVC_NVCUITests.framework in Frameworks */,
			);
			runOnlyForDeploymentPostprocessing = 0;
		};
/* End PBXFrameworksBuildPhase section */

/* Begin PBXGroup section */
		E2EEF8272A1AAF7000431C19 = {
			isa = PBXGroup;
			children = (
				E2809FC32A325A0D00F6F688 /* .env */,
				E2B4EF1C2A1AB7000091B236 /* Config.plist */,
				E2EEF8322A1AAF7000431C19 /* NVC */,
				E2EEF8432A1AAF7200431C19 /* NVCTests */,
				E2EEF84D2A1AAF7200431C19 /* NVCUITests */,
				E2EEF8312A1AAF7000431C19 /* Products */,
				F1ABABBD70BEBF094FC62FD7 /* Pods */,
				F4EFA8EEC9D5EE42273D0614 /* Frameworks */,
			);
			sourceTree = "<group>";
		};
		E2EEF8312A1AAF7000431C19 /* Products */ = {
			isa = PBXGroup;
			children = (
				E2EEF8302A1AAF7000431C19 /* NVC.app */,
				E2EEF8402A1AAF7200431C19 /* NVCTests.xctest */,
				E2EEF84A2A1AAF7200431C19 /* NVCUITests.xctest */,
			);
			name = Products;
			sourceTree = "<group>";
		};
		E2EEF8322A1AAF7000431C19 /* NVC */ = {
			isa = PBXGroup;
			children = (
				E2809FBA2A2FB83500F6F688 /* unpop.mp3 */,
				E2809FBE2A2FB84600F6F688 /* pop.mp3 */,
				E278204E2A2E6F0E00D3A52A /* MainView.swift */,
				E278204C2A2E6C6E00D3A52A /* RephraseView.swift */,
				E27820502A2EB3DF00D3A52A /* BubbleView.swift */,
				E2EEF8332A1AAF7000431C19 /* NVCApp.swift */,
				E2EEF8372A1AAF7100431C19 /* Assets.xcassets */,
				E2EEF85D2A1AAFAB00431C19 /* API.swift */,
				E27820462A2E667000D3A52A /* AboutView.swift */,
				E27820482A2E669F00D3A52A /* SplashScreen.swift */,
				E2EEF8392A1AAF7100431C19 /* Preview Content */,
			);
			path = NVC;
			sourceTree = "<group>";
		};
		E2EEF8392A1AAF7100431C19 /* Preview Content */ = {
			isa = PBXGroup;
			children = (
				E2EEF83A2A1AAF7100431C19 /* Preview Assets.xcassets */,
			);
			path = "Preview Content";
			sourceTree = "<group>";
		};
		E2EEF8432A1AAF7200431C19 /* NVCTests */ = {
			isa = PBXGroup;
			children = (
				E2EEF8442A1AAF7200431C19 /* NVCTests.swift */,
			);
			path = NVCTests;
			sourceTree = "<group>";
		};
		E2EEF84D2A1AAF7200431C19 /* NVCUITests */ = {
			isa = PBXGroup;
			children = (
				E2EEF84E2A1AAF7200431C19 /* NVCUITests.swift */,
				E2EEF8502A1AAF7200431C19 /* NVCUITestsLaunchTests.swift */,
			);
			path = NVCUITests;
			sourceTree = "<group>";
		};
		F1ABABBD70BEBF094FC62FD7 /* Pods */ = {
			isa = PBXGroup;
			children = (
				8C5ED524F2124698D4C6E4B1 /* Pods-NVC.debug.xcconfig */,
				D742A5AE9621BBD5C02D8581 /* Pods-NVC.release.xcconfig */,
				A0AAC8163B6E3DEF7968EA34 /* Pods-NVC-NVCUITests.debug.xcconfig */,
				64989379B58BE52C4761F838 /* Pods-NVC-NVCUITests.release.xcconfig */,
				81D717E1753AC4E59F18E806 /* Pods-NVCTests.debug.xcconfig */,
				0BF55FABE5507B888712617B /* Pods-NVCTests.release.xcconfig */,
			);
			path = Pods;
			sourceTree = "<group>";
		};
		F4EFA8EEC9D5EE42273D0614 /* Frameworks */ = {
			isa = PBXGroup;
			children = (
				E22A897A2A2F815A00B6081E /* Speech.framework */,
				E22A89782A2F7F8800B6081E /* AVFoundation.framework */,
				86BAB31E840BA07E12C12009 /* Pods_NVC.framework */,
				85DB19C42314238EFFF75C1A /* Pods_NVC_NVCUITests.framework */,
				CEAD3ED79F3962B49B3C6ADC /* Pods_NVCTests.framework */,
			);
			name = Frameworks;
			sourceTree = "<group>";
		};
/* End PBXGroup section */

/* Begin PBXNativeTarget section */
		E2EEF82F2A1AAF7000431C19 /* NVC */ = {
			isa = PBXNativeTarget;
			buildConfigurationList = E2EEF8542A1AAF7200431C19 /* Build configuration list for PBXNativeTarget "NVC" */;
			buildPhases = (
				C061843F4593E5EFC79619FC /* [CP] Check Pods Manifest.lock */,
				E2EEF82C2A1AAF7000431C19 /* Sources */,
				E2EEF82D2A1AAF7000431C19 /* Frameworks */,
				E2EEF82E2A1AAF7000431C19 /* Resources */,
				057B2E9966B575A5B2DA8815 /* [CP] Embed Pods Frameworks */,
				E2809FC52A329FFD00F6F688 /* SwiftLint */,
			);
			buildRules = (
			);
			dependencies = (
			);
			name = NVC;
			packageProductDependencies = (
				E2809FC12A32569900F6F688 /* DotEnv */,
			);
			productName = NVC;
			productReference = E2EEF8302A1AAF7000431C19 /* NVC.app */;
			productType = "com.apple.product-type.application";
		};
		E2EEF83F2A1AAF7200431C19 /* NVCTests */ = {
			isa = PBXNativeTarget;
			buildConfigurationList = E2EEF8572A1AAF7200431C19 /* Build configuration list for PBXNativeTarget "NVCTests" */;
			buildPhases = (
				3D01E5B226CBCCCFF7BA0B7A /* [CP] Check Pods Manifest.lock */,
				E2EEF83C2A1AAF7200431C19 /* Sources */,
				E2EEF83D2A1AAF7200431C19 /* Frameworks */,
				E2EEF83E2A1AAF7200431C19 /* Resources */,
			);
			buildRules = (
			);
			dependencies = (
				E2EEF8422A1AAF7200431C19 /* PBXTargetDependency */,
			);
			name = NVCTests;
			productName = NVCTests;
			productReference = E2EEF8402A1AAF7200431C19 /* NVCTests.xctest */;
			productType = "com.apple.product-type.bundle.unit-test";
		};
		E2EEF8492A1AAF7200431C19 /* NVCUITests */ = {
			isa = PBXNativeTarget;
			buildConfigurationList = E2EEF85A2A1AAF7200431C19 /* Build configuration list for PBXNativeTarget "NVCUITests" */;
			buildPhases = (
				D427EB9FA3347E4AF64D1E99 /* [CP] Check Pods Manifest.lock */,
				E2EEF8462A1AAF7200431C19 /* Sources */,
				E2EEF8472A1AAF7200431C19 /* Frameworks */,
				E2EEF8482A1AAF7200431C19 /* Resources */,
				ABBC2C39FF36F4CBF969807F /* [CP] Embed Pods Frameworks */,
			);
			buildRules = (
			);
			dependencies = (
				E2EEF84C2A1AAF7200431C19 /* PBXTargetDependency */,
			);
			name = NVCUITests;
			productName = NVCUITests;
			productReference = E2EEF84A2A1AAF7200431C19 /* NVCUITests.xctest */;
			productType = "com.apple.product-type.bundle.ui-testing";
		};
/* End PBXNativeTarget section */

/* Begin PBXProject section */
		E2EEF8282A1AAF7000431C19 /* Project object */ = {
			isa = PBXProject;
			attributes = {
				BuildIndependentTargetsInParallel = 1;
				LastSwiftUpdateCheck = 1430;
				LastUpgradeCheck = 1430;
				TargetAttributes = {
					E2EEF82F2A1AAF7000431C19 = {
						CreatedOnToolsVersion = 14.3;
					};
					E2EEF83F2A1AAF7200431C19 = {
						CreatedOnToolsVersion = 14.3;
						TestTargetID = E2EEF82F2A1AAF7000431C19;
					};
					E2EEF8492A1AAF7200431C19 = {
						CreatedOnToolsVersion = 14.3;
						TestTargetID = E2EEF82F2A1AAF7000431C19;
					};
				};
			};
			buildConfigurationList = E2EEF82B2A1AAF7000431C19 /* Build configuration list for PBXProject "NVC" */;
			compatibilityVersion = "Xcode 14.0";
			developmentRegion = en;
			hasScannedForEncodings = 0;
			knownRegions = (
				en,
				Base,
			);
			mainGroup = E2EEF8272A1AAF7000431C19;
			packageReferences = (
				E2809FC02A32569900F6F688 /* XCRemoteSwiftPackageReference "DotEnv" */,
			);
			productRefGroup = E2EEF8312A1AAF7000431C19 /* Products */;
			projectDirPath = "";
			projectRoot = "";
			targets = (
				E2EEF82F2A1AAF7000431C19 /* NVC */,
				E2EEF83F2A1AAF7200431C19 /* NVCTests */,
				E2EEF8492A1AAF7200431C19 /* NVCUITests */,
			);
		};
/* End PBXProject section */

/* Begin PBXResourcesBuildPhase section */
		E2EEF82E2A1AAF7000431C19 /* Resources */ = {
			isa = PBXResourcesBuildPhase;
			buildActionMask = 2147483647;
			files = (
				E2809FC42A325A0D00F6F688 /* .env in Resources */,
				E2809FBF2A2FB84600F6F688 /* pop.mp3 in Resources */,
				E2EEF83B2A1AAF7100431C19 /* Preview Assets.xcassets in Resources */,
				E2809FBC2A2FB83500F6F688 /* unpop.mp3 in Resources */,
				E2EEF8382A1AAF7100431C19 /* Assets.xcassets in Resources */,
			);
			runOnlyForDeploymentPostprocessing = 0;
		};
		E2EEF83E2A1AAF7200431C19 /* Resources */ = {
			isa = PBXResourcesBuildPhase;
			buildActionMask = 2147483647;
			files = (
			);
			runOnlyForDeploymentPostprocessing = 0;
		};
		E2EEF8482A1AAF7200431C19 /* Resources */ = {
			isa = PBXResourcesBuildPhase;
			buildActionMask = 2147483647;
			files = (
			);
			runOnlyForDeploymentPostprocessing = 0;
		};
/* End PBXResourcesBuildPhase section */

/* Begin PBXShellScriptBuildPhase section */
		057B2E9966B575A5B2DA8815 /* [CP] Embed Pods Frameworks */ = {
			isa = PBXShellScriptBuildPhase;
			buildActionMask = 2147483647;
			files = (
			);
			inputFileListPaths = (
				"${PODS_ROOT}/Target Support Files/Pods-NVC/Pods-NVC-frameworks-${CONFIGURATION}-input-files.xcfilelist",
			);
			name = "[CP] Embed Pods Frameworks";
			outputFileListPaths = (
				"${PODS_ROOT}/Target Support Files/Pods-NVC/Pods-NVC-frameworks-${CONFIGURATION}-output-files.xcfilelist",
			);
			runOnlyForDeploymentPostprocessing = 0;
			shellPath = /bin/sh;
			shellScript = "\"${PODS_ROOT}/Target Support Files/Pods-NVC/Pods-NVC-frameworks.sh\"\n";
			showEnvVarsInLog = 0;
		};
		3D01E5B226CBCCCFF7BA0B7A /* [CP] Check Pods Manifest.lock */ = {
			isa = PBXShellScriptBuildPhase;
			buildActionMask = 2147483647;
			files = (
			);
			inputFileListPaths = (
			);
			inputPaths = (
				"${PODS_PODFILE_DIR_PATH}/Podfile.lock",
				"${PODS_ROOT}/Manifest.lock",
			);
			name = "[CP] Check Pods Manifest.lock";
			outputFileListPaths = (
			);
			outputPaths = (
				"$(DERIVED_FILE_DIR)/Pods-NVCTests-checkManifestLockResult.txt",
			);
			runOnlyForDeploymentPostprocessing = 0;
			shellPath = /bin/sh;
			shellScript = "diff \"${PODS_PODFILE_DIR_PATH}/Podfile.lock\" \"${PODS_ROOT}/Manifest.lock\" > /dev/null\nif [ $? != 0 ] ; then\n    # print error to STDERR\n    echo \"error: The sandbox is not in sync with the Podfile.lock. Run 'pod install' or update your CocoaPods installation.\" >&2\n    exit 1\nfi\n# This output is used by Xcode 'outputs' to avoid re-running this script phase.\necho \"SUCCESS\" > \"${SCRIPT_OUTPUT_FILE_0}\"\n";
			showEnvVarsInLog = 0;
		};
		ABBC2C39FF36F4CBF969807F /* [CP] Embed Pods Frameworks */ = {
			isa = PBXShellScriptBuildPhase;
			buildActionMask = 2147483647;
			files = (
			);
			inputFileListPaths = (
				"${PODS_ROOT}/Target Support Files/Pods-NVC-NVCUITests/Pods-NVC-NVCUITests-frameworks-${CONFIGURATION}-input-files.xcfilelist",
			);
			name = "[CP] Embed Pods Frameworks";
			outputFileListPaths = (
				"${PODS_ROOT}/Target Support Files/Pods-NVC-NVCUITests/Pods-NVC-NVCUITests-frameworks-${CONFIGURATION}-output-files.xcfilelist",
			);
			runOnlyForDeploymentPostprocessing = 0;
			shellPath = /bin/sh;
			shellScript = "\"${PODS_ROOT}/Target Support Files/Pods-NVC-NVCUITests/Pods-NVC-NVCUITests-frameworks.sh\"\n";
			showEnvVarsInLog = 0;
		};
		C061843F4593E5EFC79619FC /* [CP] Check Pods Manifest.lock */ = {
			isa = PBXShellScriptBuildPhase;
			buildActionMask = 2147483647;
			files = (
			);
			inputFileListPaths = (
			);
			inputPaths = (
				"${PODS_PODFILE_DIR_PATH}/Podfile.lock",
				"${PODS_ROOT}/Manifest.lock",
			);
			name = "[CP] Check Pods Manifest.lock";
			outputFileListPaths = (
			);
			outputPaths = (
				"$(DERIVED_FILE_DIR)/Pods-NVC-checkManifestLockResult.txt",
			);
			runOnlyForDeploymentPostprocessing = 0;
			shellPath = /bin/sh;
			shellScript = "diff \"${PODS_PODFILE_DIR_PATH}/Podfile.lock\" \"${PODS_ROOT}/Manifest.lock\" > /dev/null\nif [ $? != 0 ] ; then\n    # print error to STDERR\n    echo \"error: The sandbox is not in sync with the Podfile.lock. Run 'pod install' or update your CocoaPods installation.\" >&2\n    exit 1\nfi\n# This output is used by Xcode 'outputs' to avoid re-running this script phase.\necho \"SUCCESS\" > \"${SCRIPT_OUTPUT_FILE_0}\"\n";
			showEnvVarsInLog = 0;
		};
		D427EB9FA3347E4AF64D1E99 /* [CP] Check Pods Manifest.lock */ = {
			isa = PBXShellScriptBuildPhase;
			buildActionMask = 2147483647;
			files = (
			);
			inputFileListPaths = (
			);
			inputPaths = (
				"${PODS_PODFILE_DIR_PATH}/Podfile.lock",
				"${PODS_ROOT}/Manifest.lock",
			);
			name = "[CP] Check Pods Manifest.lock";
			outputFileListPaths = (
			);
			outputPaths = (
				"$(DERIVED_FILE_DIR)/Pods-NVC-NVCUITests-checkManifestLockResult.txt",
			);
			runOnlyForDeploymentPostprocessing = 0;
			shellPath = /bin/sh;
			shellScript = "diff \"${PODS_PODFILE_DIR_PATH}/Podfile.lock\" \"${PODS_ROOT}/Manifest.lock\" > /dev/null\nif [ $? != 0 ] ; then\n    # print error to STDERR\n    echo \"error: The sandbox is not in sync with the Podfile.lock. Run 'pod install' or update your CocoaPods installation.\" >&2\n    exit 1\nfi\n# This output is used by Xcode 'outputs' to avoid re-running this script phase.\necho \"SUCCESS\" > \"${SCRIPT_OUTPUT_FILE_0}\"\n";
			showEnvVarsInLog = 0;
		};
		E2809FC52A329FFD00F6F688 /* SwiftLint */ = {
			isa = PBXShellScriptBuildPhase;
			buildActionMask = 2147483647;
			files = (
			);
			inputFileListPaths = (
			);
			inputPaths = (
			);
			name = SwiftLint;
			outputFileListPaths = (
			);
			outputPaths = (
			);
			runOnlyForDeploymentPostprocessing = 0;
			shellPath = /bin/sh;
			shellScript = "export PATH=\"$PATH:/opt/homebrew/bin\"\nif which swiftlint >/dev/null; then\n    swiftlint lint --path NVC\nelse\n    echo \"warning: Swiftlint not installed, download from https://gitub.com/realm/SwiftLint\"\nfi\n";
		};
/* End PBXShellScriptBuildPhase section */

/* Begin PBXSourcesBuildPhase section */
		E2EEF82C2A1AAF7000431C19 /* Sources */ = {
			isa = PBXSourcesBuildPhase;
			buildActionMask = 2147483647;
			files = (
				E27820492A2E669F00D3A52A /* SplashScreen.swift in Sources */,
				E278204F2A2E6F0E00D3A52A /* MainView.swift in Sources */,
				E278204D2A2E6C6E00D3A52A /* RephraseView.swift in Sources */,
				E27820512A2EB3DF00D3A52A /* BubbleView.swift in Sources */,
				E27820472A2E667000D3A52A /* AboutView.swift in Sources */,
				E2EEF85E2A1AAFAB00431C19 /* API.swift in Sources */,
				E2EEF8342A1AAF7000431C19 /* NVCApp.swift in Sources */,
			);
			runOnlyForDeploymentPostprocessing = 0;
		};
		E2EEF83C2A1AAF7200431C19 /* Sources */ = {
			isa = PBXSourcesBuildPhase;
			buildActionMask = 2147483647;
			files = (
				E2EEF8452A1AAF7200431C19 /* NVCTests.swift in Sources */,
			);
			runOnlyForDeploymentPostprocessing = 0;
		};
		E2EEF8462A1AAF7200431C19 /* Sources */ = {
			isa = PBXSourcesBuildPhase;
			buildActionMask = 2147483647;
			files = (
				E2EEF8512A1AAF7200431C19 /* NVCUITestsLaunchTests.swift in Sources */,
				E2EEF84F2A1AAF7200431C19 /* NVCUITests.swift in Sources */,
			);
			runOnlyForDeploymentPostprocessing = 0;
		};
/* End PBXSourcesBuildPhase section */

/* Begin PBXTargetDependency section */
		E2EEF8422A1AAF7200431C19 /* PBXTargetDependency */ = {
			isa = PBXTargetDependency;
			target = E2EEF82F2A1AAF7000431C19 /* NVC */;
			targetProxy = E2EEF8412A1AAF7200431C19 /* PBXContainerItemProxy */;
		};
		E2EEF84C2A1AAF7200431C19 /* PBXTargetDependency */ = {
			isa = PBXTargetDependency;
			target = E2EEF82F2A1AAF7000431C19 /* NVC */;
			targetProxy = E2EEF84B2A1AAF7200431C19 /* PBXContainerItemProxy */;
		};
/* End PBXTargetDependency section */

/* Begin XCBuildConfiguration section */
		E2EEF8522A1AAF7200431C19 /* Debug */ = {
			isa = XCBuildConfiguration;
			buildSettings = {
				ALWAYS_SEARCH_USER_PATHS = NO;
				CLANG_ANALYZER_NONNULL = YES;
				CLANG_ANALYZER_NUMBER_OBJECT_CONVERSION = YES_AGGRESSIVE;
				CLANG_CXX_LANGUAGE_STANDARD = "gnu++20";
				CLANG_ENABLE_MODULES = YES;
				CLANG_ENABLE_OBJC_ARC = YES;
				CLANG_ENABLE_OBJC_WEAK = YES;
				CLANG_WARN_BLOCK_CAPTURE_AUTORELEASING = YES;
				CLANG_WARN_BOOL_CONVERSION = YES;
				CLANG_WARN_COMMA = YES;
				CLANG_WARN_CONSTANT_CONVERSION = YES;
				CLANG_WARN_DEPRECATED_OBJC_IMPLEMENTATIONS = YES;
				CLANG_WARN_DIRECT_OBJC_ISA_USAGE = YES_ERROR;
				CLANG_WARN_DOCUMENTATION_COMMENTS = YES;
				CLANG_WARN_EMPTY_BODY = YES;
				CLANG_WARN_ENUM_CONVERSION = YES;
				CLANG_WARN_INFINITE_RECURSION = YES;
				CLANG_WARN_INT_CONVERSION = YES;
				CLANG_WARN_NON_LITERAL_NULL_CONVERSION = YES;
				CLANG_WARN_OBJC_IMPLICIT_RETAIN_SELF = YES;
				CLANG_WARN_OBJC_LITERAL_CONVERSION = YES;
				CLANG_WARN_OBJC_ROOT_CLASS = YES_ERROR;
				CLANG_WARN_QUOTED_INCLUDE_IN_FRAMEWORK_HEADER = YES;
				CLANG_WARN_RANGE_LOOP_ANALYSIS = YES;
				CLANG_WARN_STRICT_PROTOTYPES = YES;
				CLANG_WARN_SUSPICIOUS_MOVE = YES;
				CLANG_WARN_UNGUARDED_AVAILABILITY = YES_AGGRESSIVE;
				CLANG_WARN_UNREACHABLE_CODE = YES;
				CLANG_WARN__DUPLICATE_METHOD_MATCH = YES;
				COPY_PHASE_STRIP = NO;
				DEBUG_INFORMATION_FORMAT = dwarf;
				ENABLE_STRICT_OBJC_MSGSEND = YES;
				ENABLE_TESTABILITY = YES;
				GCC_C_LANGUAGE_STANDARD = gnu11;
				GCC_DYNAMIC_NO_PIC = NO;
				GCC_NO_COMMON_BLOCKS = YES;
				GCC_OPTIMIZATION_LEVEL = 0;
				GCC_PREPROCESSOR_DEFINITIONS = (
					"DEBUG=1",
					"$(inherited)",
				);
				GCC_WARN_64_TO_32_BIT_CONVERSION = YES;
				GCC_WARN_ABOUT_RETURN_TYPE = YES_ERROR;
				GCC_WARN_UNDECLARED_SELECTOR = YES;
				GCC_WARN_UNINITIALIZED_AUTOS = YES_AGGRESSIVE;
				GCC_WARN_UNUSED_FUNCTION = YES;
				GCC_WARN_UNUSED_VARIABLE = YES;
				IPHONEOS_DEPLOYMENT_TARGET = 16.4;
				MTL_ENABLE_DEBUG_INFO = INCLUDE_SOURCE;
				MTL_FAST_MATH = YES;
				ONLY_ACTIVE_ARCH = YES;
				SDKROOT = iphoneos;
				SWIFT_ACTIVE_COMPILATION_CONDITIONS = DEBUG;
				SWIFT_OPTIMIZATION_LEVEL = "-Onone";
			};
			name = Debug;
		};
		E2EEF8532A1AAF7200431C19 /* Release */ = {
			isa = XCBuildConfiguration;
			buildSettings = {
				ALWAYS_SEARCH_USER_PATHS = NO;
				CLANG_ANALYZER_NONNULL = YES;
				CLANG_ANALYZER_NUMBER_OBJECT_CONVERSION = YES_AGGRESSIVE;
				CLANG_CXX_LANGUAGE_STANDARD = "gnu++20";
				CLANG_ENABLE_MODULES = YES;
				CLANG_ENABLE_OBJC_ARC = YES;
				CLANG_ENABLE_OBJC_WEAK = YES;
				CLANG_WARN_BLOCK_CAPTURE_AUTORELEASING = YES;
				CLANG_WARN_BOOL_CONVERSION = YES;
				CLANG_WARN_COMMA = YES;
				CLANG_WARN_CONSTANT_CONVERSION = YES;
				CLANG_WARN_DEPRECATED_OBJC_IMPLEMENTATIONS = YES;
				CLANG_WARN_DIRECT_OBJC_ISA_USAGE = YES_ERROR;
				CLANG_WARN_DOCUMENTATION_COMMENTS = YES;
				CLANG_WARN_EMPTY_BODY = YES;
				CLANG_WARN_ENUM_CONVERSION = YES;
				CLANG_WARN_INFINITE_RECURSION = YES;
				CLANG_WARN_INT_CONVERSION = YES;
				CLANG_WARN_NON_LITERAL_NULL_CONVERSION = YES;
				CLANG_WARN_OBJC_IMPLICIT_RETAIN_SELF = YES;
				CLANG_WARN_OBJC_LITERAL_CONVERSION = YES;
				CLANG_WARN_OBJC_ROOT_CLASS = YES_ERROR;
				CLANG_WARN_QUOTED_INCLUDE_IN_FRAMEWORK_HEADER = YES;
				CLANG_WARN_RANGE_LOOP_ANALYSIS = YES;
				CLANG_WARN_STRICT_PROTOTYPES = YES;
				CLANG_WARN_SUSPICIOUS_MOVE = YES;
				CLANG_WARN_UNGUARDED_AVAILABILITY = YES_AGGRESSIVE;
				CLANG_WARN_UNREACHABLE_CODE = YES;
				CLANG_WARN__DUPLICATE_METHOD_MATCH = YES;
				COPY_PHASE_STRIP = NO;
				DEBUG_INFORMATION_FORMAT = "dwarf-with-dsym";
				ENABLE_NS_ASSERTIONS = NO;
				ENABLE_STRICT_OBJC_MSGSEND = YES;
				GCC_C_LANGUAGE_STANDARD = gnu11;
				GCC_NO_COMMON_BLOCKS = YES;
				GCC_WARN_64_TO_32_BIT_CONVERSION = YES;
				GCC_WARN_ABOUT_RETURN_TYPE = YES_ERROR;
				GCC_WARN_UNDECLARED_SELECTOR = YES;
				GCC_WARN_UNINITIALIZED_AUTOS = YES_AGGRESSIVE;
				GCC_WARN_UNUSED_FUNCTION = YES;
				GCC_WARN_UNUSED_VARIABLE = YES;
				IPHONEOS_DEPLOYMENT_TARGET = 16.4;
				MTL_ENABLE_DEBUG_INFO = NO;
				MTL_FAST_MATH = YES;
				SDKROOT = iphoneos;
				SWIFT_COMPILATION_MODE = wholemodule;
				SWIFT_OPTIMIZATION_LEVEL = "-O";
				VALIDATE_PRODUCT = YES;
			};
			name = Release;
		};
		E2EEF8552A1AAF7200431C19 /* Debug */ = {
			isa = XCBuildConfiguration;
			baseConfigurationReference = 8C5ED524F2124698D4C6E4B1 /* Pods-NVC.debug.xcconfig */;
			buildSettings = {
				ASSETCATALOG_COMPILER_APPICON_NAME = AppIcon;
				ASSETCATALOG_COMPILER_GLOBAL_ACCENT_COLOR_NAME = AccentColor;
				ASSETCATALOG_COMPILER_INCLUDE_ALL_APPICON_ASSETS = YES;
				CODE_SIGN_STYLE = Automatic;
				CURRENT_PROJECT_VERSION = 1;
				DEVELOPMENT_ASSET_PATHS = "\"NVC/Preview Content\"";
				DEVELOPMENT_TEAM = 3VWZYGL57M;
				ENABLE_PREVIEWS = YES;
				GENERATE_INFOPLIST_FILE = YES;
				INFOPLIST_FILE = Info.plist;
				INFOPLIST_KEY_NSMicrophoneUsageDescription = "Supports speech recognition for users who want to say their phrase instead of type it";
				INFOPLIST_KEY_NSSpeechRecognitionUsageDescription = "Supports speech recognition for users who want to say their phrase instead of type it";
				INFOPLIST_KEY_UIApplicationSceneManifest_Generation = YES;
				INFOPLIST_KEY_UIApplicationSupportsIndirectInputEvents = YES;
				INFOPLIST_KEY_UILaunchScreen_Generation = YES;
				INFOPLIST_KEY_UIRequiresFullScreen = YES;
				INFOPLIST_KEY_UIStatusBarStyle = "";
				INFOPLIST_KEY_UISupportedInterfaceOrientations = "UIInterfaceOrientationLandscapeLeft UIInterfaceOrientationLandscapeRight UIInterfaceOrientationPortrait UIInterfaceOrientationPortraitUpsideDown";
				LD_RUNPATH_SEARCH_PATHS = (
					"$(inherited)",
					"@executable_path/Frameworks",
				);
				MARKETING_VERSION = 1.0;
				PRODUCT_BUNDLE_IDENTIFIER = JSAgile.NVC;
				PRODUCT_NAME = "$(TARGET_NAME)";
				SWIFT_EMIT_LOC_STRINGS = YES;
				SWIFT_VERSION = 5.0;
				TARGETED_DEVICE_FAMILY = "1,2";
			};
			name = Debug;
		};
		E2EEF8562A1AAF7200431C19 /* Release */ = {
			isa = XCBuildConfiguration;
			baseConfigurationReference = D742A5AE9621BBD5C02D8581 /* Pods-NVC.release.xcconfig */;
			buildSettings = {
				ASSETCATALOG_COMPILER_APPICON_NAME = AppIcon;
				ASSETCATALOG_COMPILER_GLOBAL_ACCENT_COLOR_NAME = AccentColor;
				ASSETCATALOG_COMPILER_INCLUDE_ALL_APPICON_ASSETS = YES;
				CODE_SIGN_STYLE = Automatic;
				CURRENT_PROJECT_VERSION = 1;
				DEVELOPMENT_ASSET_PATHS = "\"NVC/Preview Content\"";
				DEVELOPMENT_TEAM = 3VWZYGL57M;
				ENABLE_PREVIEWS = YES;
				GENERATE_INFOPLIST_FILE = YES;
				INFOPLIST_FILE = Info.plist;
				INFOPLIST_KEY_NSMicrophoneUsageDescription = "Supports speech recognition for users who want to say their phrase instead of type it";
				INFOPLIST_KEY_NSSpeechRecognitionUsageDescription = "Supports speech recognition for users who want to say their phrase instead of type it";
				INFOPLIST_KEY_UIApplicationSceneManifest_Generation = YES;
				INFOPLIST_KEY_UIApplicationSupportsIndirectInputEvents = YES;
				INFOPLIST_KEY_UILaunchScreen_Generation = YES;
				INFOPLIST_KEY_UIRequiresFullScreen = YES;
				INFOPLIST_KEY_UIStatusBarStyle = "";
				INFOPLIST_KEY_UISupportedInterfaceOrientations = "UIInterfaceOrientationLandscapeLeft UIInterfaceOrientationLandscapeRight UIInterfaceOrientationPortrait UIInterfaceOrientationPortraitUpsideDown";
				LD_RUNPATH_SEARCH_PATHS = (
					"$(inherited)",
					"@executable_path/Frameworks",
				);
				MARKETING_VERSION = 1.0;
				PRODUCT_BUNDLE_IDENTIFIER = JSAgile.NVC;
				PRODUCT_NAME = "$(TARGET_NAME)";
				SWIFT_EMIT_LOC_STRINGS = YES;
				SWIFT_VERSION = 5.0;
				TARGETED_DEVICE_FAMILY = "1,2";
			};
			name = Release;
		};
		E2EEF8582A1AAF7200431C19 /* Debug */ = {
			isa = XCBuildConfiguration;
			baseConfigurationReference = 81D717E1753AC4E59F18E806 /* Pods-NVCTests.debug.xcconfig */;
			buildSettings = {
				ALWAYS_EMBED_SWIFT_STANDARD_LIBRARIES = YES;
				BUNDLE_LOADER = "$(TEST_HOST)";
				CODE_SIGN_STYLE = Automatic;
				CURRENT_PROJECT_VERSION = 1;
				DEVELOPMENT_TEAM = 3VWZYGL57M;
				GENERATE_INFOPLIST_FILE = YES;
				IPHONEOS_DEPLOYMENT_TARGET = 16.4;
				MARKETING_VERSION = 1.0;
				PRODUCT_BUNDLE_IDENTIFIER = JSAgile.NVCTests;
				PRODUCT_NAME = "$(TARGET_NAME)";
				SWIFT_EMIT_LOC_STRINGS = NO;
				SWIFT_VERSION = 5.0;
				TARGETED_DEVICE_FAMILY = "1,2";
				TEST_HOST = "$(BUILT_PRODUCTS_DIR)/NVC.app/$(BUNDLE_EXECUTABLE_FOLDER_PATH)/NVC";
			};
			name = Debug;
		};
		E2EEF8592A1AAF7200431C19 /* Release */ = {
			isa = XCBuildConfiguration;
			baseConfigurationReference = 0BF55FABE5507B888712617B /* Pods-NVCTests.release.xcconfig */;
			buildSettings = {
				ALWAYS_EMBED_SWIFT_STANDARD_LIBRARIES = YES;
				BUNDLE_LOADER = "$(TEST_HOST)";
				CODE_SIGN_STYLE = Automatic;
				CURRENT_PROJECT_VERSION = 1;
				DEVELOPMENT_TEAM = 3VWZYGL57M;
				GENERATE_INFOPLIST_FILE = YES;
				IPHONEOS_DEPLOYMENT_TARGET = 16.4;
				MARKETING_VERSION = 1.0;
				PRODUCT_BUNDLE_IDENTIFIER = JSAgile.NVCTests;
				PRODUCT_NAME = "$(TARGET_NAME)";
				SWIFT_EMIT_LOC_STRINGS = NO;
				SWIFT_VERSION = 5.0;
				TARGETED_DEVICE_FAMILY = "1,2";
				TEST_HOST = "$(BUILT_PRODUCTS_DIR)/NVC.app/$(BUNDLE_EXECUTABLE_FOLDER_PATH)/NVC";
			};
			name = Release;
		};
		E2EEF85B2A1AAF7200431C19 /* Debug */ = {
			isa = XCBuildConfiguration;
			baseConfigurationReference = A0AAC8163B6E3DEF7968EA34 /* Pods-NVC-NVCUITests.debug.xcconfig */;
			buildSettings = {
				ALWAYS_EMBED_SWIFT_STANDARD_LIBRARIES = YES;
				CODE_SIGN_STYLE = Automatic;
				CURRENT_PROJECT_VERSION = 1;
				DEVELOPMENT_TEAM = 3VWZYGL57M;
				GENERATE_INFOPLIST_FILE = YES;
				MARKETING_VERSION = 1.0;
				PRODUCT_BUNDLE_IDENTIFIER = JSAgile.NVCUITests;
				PRODUCT_NAME = "$(TARGET_NAME)";
				SWIFT_EMIT_LOC_STRINGS = NO;
				SWIFT_VERSION = 5.0;
				TARGETED_DEVICE_FAMILY = "1,2";
				TEST_TARGET_NAME = NVC;
			};
			name = Debug;
		};
		E2EEF85C2A1AAF7200431C19 /* Release */ = {
			isa = XCBuildConfiguration;
			baseConfigurationReference = 64989379B58BE52C4761F838 /* Pods-NVC-NVCUITests.release.xcconfig */;
			buildSettings = {
				ALWAYS_EMBED_SWIFT_STANDARD_LIBRARIES = YES;
				CODE_SIGN_STYLE = Automatic;
				CURRENT_PROJECT_VERSION = 1;
				DEVELOPMENT_TEAM = 3VWZYGL57M;
				GENERATE_INFOPLIST_FILE = YES;
				MARKETING_VERSION = 1.0;
				PRODUCT_BUNDLE_IDENTIFIER = JSAgile.NVCUITests;
				PRODUCT_NAME = "$(TARGET_NAME)";
				SWIFT_EMIT_LOC_STRINGS = NO;
				SWIFT_VERSION = 5.0;
				TARGETED_DEVICE_FAMILY = "1,2";
				TEST_TARGET_NAME = NVC;
			};
			name = Release;
		};
/* End XCBuildConfiguration section */

/* Begin XCConfigurationList section */
		E2EEF82B2A1AAF7000431C19 /* Build configuration list for PBXProject "NVC" */ = {
			isa = XCConfigurationList;
			buildConfigurations = (
				E2EEF8522A1AAF7200431C19 /* Debug */,
				E2EEF8532A1AAF7200431C19 /* Release */,
			);
			defaultConfigurationIsVisible = 0;
			defaultConfigurationName = Release;
		};
		E2EEF8542A1AAF7200431C19 /* Build configuration list for PBXNativeTarget "NVC" */ = {
			isa = XCConfigurationList;
			buildConfigurations = (
				E2EEF8552A1AAF7200431C19 /* Debug */,
				E2EEF8562A1AAF7200431C19 /* Release */,
			);
			defaultConfigurationIsVisible = 0;
			defaultConfigurationName = Release;
		};
		E2EEF8572A1AAF7200431C19 /* Build configuration list for PBXNativeTarget "NVCTests" */ = {
			isa = XCConfigurationList;
			buildConfigurations = (
				E2EEF8582A1AAF7200431C19 /* Debug */,
				E2EEF8592A1AAF7200431C19 /* Release */,
			);
			defaultConfigurationIsVisible = 0;
			defaultConfigurationName = Release;
		};
		E2EEF85A2A1AAF7200431C19 /* Build configuration list for PBXNativeTarget "NVCUITests" */ = {
			isa = XCConfigurationList;
			buildConfigurations = (
				E2EEF85B2A1AAF7200431C19 /* Debug */,
				E2EEF85C2A1AAF7200431C19 /* Release */,
			);
			defaultConfigurationIsVisible = 0;
			defaultConfigurationName = Release;
		};
/* End XCConfigurationList section */

/* Begin XCRemoteSwiftPackageReference section */
		E2809FC02A32569900F6F688 /* XCRemoteSwiftPackageReference "DotEnv" */ = {
			isa = XCRemoteSwiftPackageReference;
			repositoryURL = "https://github.com/swiftpackages/DotEnv.git";
			requirement = {
				branch = main;
				kind = branch;
			};
		};
/* End XCRemoteSwiftPackageReference section */

/* Begin XCSwiftPackageProductDependency section */
		E2809FC12A32569900F6F688 /* DotEnv */ = {
			isa = XCSwiftPackageProductDependency;
			package = E2809FC02A32569900F6F688 /* XCRemoteSwiftPackageReference "DotEnv" */;
			productName = DotEnv;
		};
/* End XCSwiftPackageProductDependency section */
	};
	rootObject = E2EEF8282A1AAF7000431C19 /* Project object */;
}
